
Microsoft Visual Studio Solution File, Format Version 12.00
# Visual Studio Version 16
VisualStudioVersion = 16.0.32106.194
MinimumVisualStudioVersion = 10.0.40219.1
Project("{FAE04EC0-301F-11D3-BF4B-00C04F79EFBC}") = "Stacks 2", "Stacks 2\Stacks 2.csproj", "{DA327702-6BDC-4EAF-8908-30702E8CF633}"
EndProject
Global
	GlobalSection(SolutionConfigurationPlatforms) = preSolution
		Debug|Any CPU = Debug|Any CPU
		Release|Any CPU = Release|Any CPU
	EndGlobalSection
	GlobalSection(ProjectConfigurationPlatforms) = postSolution
		{DA327702-6BDC-4EAF-8908-30702E8CF633}.Debug|Any CPU.ActiveCfg = Debug|Any CPU
		{DA327702-6BDC-4EAF-8908-30702E8CF633}.Debug|Any CPU.Build.0 = Debug|Any CPU
		{DA327702-6BDC-4EAF-8908-30702E8CF633}.Release|Any CPU.ActiveCfg = Release|Any CPU
		{DA327702-6BDC-4EAF-8908-30702E8CF633}.Release|Any CPU.Build.0 = Release|Any CPU
	EndGlobalSection
	GlobalSection(SolutionProperties) = preSolution
		HideSolutionNode = FALSE
	EndGlobalSection
	GlobalSection(ExtensibilityGlobals) = postSolution
		SolutionGuid = {E26E5390-70FC-4DAF-8093-BEACA63B9EF0}
	EndGlobalSection
EndGlobal
